
Microsoft Visual Studio Solution File, Format Version 12.00
# Visual Studio Version 17
VisualStudioVersion = 17.0.31903.59
MinimumVisualStudioVersion = 10.0.40219.1
Project("{2150E333-8FDC-42A3-9474-1A3956D46DE8}") = "src", "src", "{827E0CD3-B72D-47B6-A68D-7590B98EB39B}"
EndProject
Project("{FAE04EC0-301F-11D3-BF4B-00C04F79EFBC}") = "InventoryApi.Domain", "src\InventoryApi.Domain\InventoryApi.Domain.csproj", "{8F3705BF-85F0-48BC-AB11-FA4F63137711}"
EndProject
Project("{FAE04EC0-301F-11D3-BF4B-00C04F79EFBC}") = "InventoryApi.Infrastructure", "src\InventoryApi.Infrastructure\InventoryApi.Infrastructure.csproj", "{C609F8BE-F8E8-43DF-879D-D004262FC0D0}"
EndProject
Project("{FAE04EC0-301F-11D3-BF4B-00C04F79EFBC}") = "InventoryApi.Api", "src\InventoryApi.Api\InventoryApi.Api.csproj", "{DCC94D02-C04D-4465-9068-53E944074B69}"
EndProject
Project("{2150E333-8FDC-42A3-9474-1A3956D46DE8}") = "tests", "tests", "{0AB3BF05-4346-4AA6-1389-037BE0695223}"
EndProject
Project("{FAE04EC0-301F-11D3-BF4B-00C04F79EFBC}") = "InventoryApi.UnitTests", "tests\InventoryApi.UnitTests\InventoryApi.UnitTests.csproj", "{618D284D-4900-4442-9878-CDE06D815C67}"
EndProject
Global
	GlobalSection(SolutionConfigurationPlatforms) = preSolution
		Debug|Any CPU = Debug|Any CPU
		Debug|x64 = Debug|x64
		Debug|x86 = Debug|x86
		Release|Any CPU = Release|Any CPU
		Release|x64 = Release|x64
		Release|x86 = Release|x86
	EndGlobalSection
	GlobalSection(ProjectConfigurationPlatforms) = postSolution
		{8F3705BF-85F0-48BC-AB11-FA4F63137711}.Debug|Any CPU.ActiveCfg = Debug|Any CPU
		{8F3705BF-85F0-48BC-AB11-FA4F63137711}.Debug|Any CPU.Build.0 = Debug|Any CPU
		{8F3705BF-85F0-48BC-AB11-FA4F63137711}.Debug|x64.ActiveCfg = Debug|Any CPU
		{8F3705BF-85F0-48BC-AB11-FA4F63137711}.Debug|x64.Build.0 = Debug|Any CPU
		{8F3705BF-85F0-48BC-AB11-FA4F63137711}.Debug|x86.ActiveCfg = Debug|Any CPU
		{8F3705BF-85F0-48BC-AB11-FA4F63137711}.Debug|x86.Build.0 = Debug|Any CPU
		{8F3705BF-85F0-48BC-AB11-FA4F63137711}.Release|Any CPU.ActiveCfg = Release|Any CPU
		{8F3705BF-85F0-48BC-AB11-FA4F63137711}.Release|Any CPU.Build.0 = Release|Any CPU
		{8F3705BF-85F0-48BC-AB11-FA4F63137711}.Release|x64.ActiveCfg = Release|Any CPU
		{8F3705BF-85F0-48BC-AB11-FA4F63137711}.Release|x64.Build.0 = Release|Any CPU
		{8F3705BF-85F0-48BC-AB11-FA4F63137711}.Release|x86.ActiveCfg = Release|Any CPU
		{8F3705BF-85F0-48BC-AB11-FA4F63137711}.Release|x86.Build.0 = Release|Any CPU
		{C609F8BE-F8E8-43DF-879D-D004262FC0D0}.Debug|Any CPU.ActiveCfg = Debug|Any CPU
		{C609F8BE-F8E8-43DF-879D-D004262FC0D0}.Debug|Any CPU.Build.0 = Debug|Any CPU
		{C609F8BE-F8E8-43DF-879D-D004262FC0D0}.Debug|x64.ActiveCfg = Debug|Any CPU
		{C609F8BE-F8E8-43DF-879D-D004262FC0D0}.Debug|x64.Build.0 = Debug|Any CPU
		{C609F8BE-F8E8-43DF-879D-D004262FC0D0}.Debug|x86.ActiveCfg = Debug|Any CPU
		{C609F8BE-F8E8-43DF-879D-D004262FC0D0}.Debug|x86.Build.0 = Debug|Any CPU
		{C609F8BE-F8E8-43DF-879D-D004262FC0D0}.Release|Any CPU.ActiveCfg = Release|Any CPU
		{C609F8BE-F8E8-43DF-879D-D004262FC0D0}.Release|Any CPU.Build.0 = Release|Any CPU
		{C609F8BE-F8E8-43DF-879D-D004262FC0D0}.Release|x64.ActiveCfg = Release|Any CPU
		{C609F8BE-F8E8-43DF-879D-D004262FC0D0}.Release|x64.Build.0 = Release|Any CPU
		{C609F8BE-F8E8-43DF-879D-D004262FC0D0}.Release|x86.ActiveCfg = Release|Any CPU
		{C609F8BE-F8E8-43DF-879D-D004262FC0D0}.Release|x86.Build.0 = Release|Any CPU
		{DCC94D02-C04D-4465-9068-53E944074B69}.Debug|Any CPU.ActiveCfg = Debug|Any CPU
		{DCC94D02-C04D-4465-9068-53E944074B69}.Debug|Any CPU.Build.0 = Debug|Any CPU
		{DCC94D02-C04D-4465-9068-53E944074B69}.Debug|x64.ActiveCfg = Debug|Any CPU
		{DCC94D02-C04D-4465-9068-53E944074B69}.Debug|x64.Build.0 = Debug|Any CPU
		{DCC94D02-C04D-4465-9068-53E944074B69}.Debug|x86.ActiveCfg = Debug|Any CPU
		{DCC94D02-C04D-4465-9068-53E944074B69}.Debug|x86.Build.0 = Debug|Any CPU
		{DCC94D02-C04D-4465-9068-53E944074B69}.Release|Any CPU.ActiveCfg = Release|Any CPU
		{DCC94D02-C04D-4465-9068-53E944074B69}.Release|Any CPU.Build.0 = Release|Any CPU
		{DCC94D02-C04D-4465-9068-53E944074B69}.Release|x64.ActiveCfg = Release|Any CPU
		{DCC94D02-C04D-4465-9068-53E944074B69}.Release|x64.Build.0 = Release|Any CPU
		{DCC94D02-C04D-4465-9068-53E944074B69}.Release|x86.ActiveCfg = Release|Any CPU
		{DCC94D02-C04D-4465-9068-53E944074B69}.Release|x86.Build.0 = Release|Any CPU
		{618D284D-4900-4442-9878-CDE06D815C67}.Debug|Any CPU.ActiveCfg = Debug|Any CPU
		{618D284D-4900-4442-9878-CDE06D815C67}.Debug|Any CPU.Build.0 = Debug|Any CPU
		{618D284D-4900-4442-9878-CDE06D815C67}.Debug|x64.ActiveCfg = Debug|Any CPU
		{618D284D-4900-4442-9878-CDE06D815C67}.Debug|x64.Build.0 = Debug|Any CPU
		{618D284D-4900-4442-9878-CDE06D815C67}.Debug|x86.ActiveCfg = Debug|Any CPU
		{618D284D-4900-4442-9878-CDE06D815C67}.Debug|x86.Build.0 = Debug|Any CPU
		{618D284D-4900-4442-9878-CDE06D815C67}.Release|Any CPU.ActiveCfg = Release|Any CPU
		{618D284D-4900-4442-9878-CDE06D815C67}.Release|Any CPU.Build.0 = Release|Any CPU
		{618D284D-4900-4442-9878-CDE06D815C67}.Release|x64.ActiveCfg = Release|Any CPU
		{618D284D-4900-4442-9878-CDE06D815C67}.Release|x64.Build.0 = Release|Any CPU
		{618D284D-4900-4442-9878-CDE06D815C67}.Release|x86.ActiveCfg = Release|Any CPU
		{618D284D-4900-4442-9878-CDE06D815C67}.Release|x86.Build.0 = Release|Any CPU
	EndGlobalSection
	GlobalSection(SolutionProperties) = preSolution
		HideSolutionNode = FALSE
	EndGlobalSection
	GlobalSection(NestedProjects) = preSolution
		{8F3705BF-85F0-48BC-AB11-FA4F63137711} = {827E0CD3-B72D-47B6-A68D-7590B98EB39B}
		{C609F8BE-F8E8-43DF-879D-D004262FC0D0} = {827E0CD3-B72D-47B6-A68D-7590B98EB39B}
		{DCC94D02-C04D-4465-9068-53E944074B69} = {827E0CD3-B72D-47B6-A68D-7590B98EB39B}
		{618D284D-4900-4442-9878-CDE06D815C67} = {0AB3BF05-4346-4AA6-1389-037BE0695223}
	EndGlobalSection
EndGlobal
